schema: '2.0'
stages:
  get_data:
    cmd: python scripts/data.py
    deps:
    - path: scripts/data.py
      hash: md5
      md5: 0cb91ccf334d3a8c724bcfb33d59cc59
      size: 1495
    params:
      params.yaml:
        index_col: customer_id
    outs:
    - path: data/initial_data.csv
      hash: md5
      md5: 9e0daf913115284fae59738742c66f40
      size: 823602
  fit_model:
    cmd: python scripts/fit.py
    deps:
    - path: data/initial_data.csv
      hash: md5
      md5: 9e0daf913115284fae59738742c66f40
      size: 823602
    - path: scripts/fit.py
      hash: md5
      md5: e609cc70c601b6b3146772b22a037000
      size: 2501
    params:
      params.yaml:
        C: 1
        index_col: customer_id
        one_hot_drop: if_binary
        penalty: l2
        target_col: target
    outs:
    - path: models/fitted_model.pkl
      hash: md5
      md5: 2256f0867944eaeb70c734554967eafa
      size: 14078
  evaluate_model:
    cmd: python scripts/evaluate.py
    deps:
    - path: models/fitted_model.pkl
      hash: md5
      md5: 2256f0867944eaeb70c734554967eafa
      size: 14078
    - path: scripts/evaluate.py
      hash: md5
      md5: 275e9e92ed1927bc4dc7f66dcb6c0106
      size: 3163
    params:
      params.yaml:
        C: 1
        index_col: customer_id
        metrics:
        - f1
        - roc_auc
        n_jobs: -1
        n_splits: 5
        penalty: l2
        target_col: target
    outs:
    - path: cv_results/cv_res.json
      hash: md5
      md5: f153c7bb2c2d275564bd5c0f8ff5593e
      size: 77
